{
  "lockfile_version": "1",
  "packages": {
    "docker-compose@latest": {
      "last_modified": "2025-01-09T11:09:19Z",
      "resolved": "github:NixOS/nixpkgs/32af3611f6f05655ca166a0b1f47b57c762b5192#docker-compose",
      "source": "devbox-search",
      "version": "2.32.2",
      "systems": {
        "aarch64-darwin": {
          "outputs": [
            {
              "name": "out",
              "path": "/nix/store/z1lx4rn2n1jfbp83jjl83qzfniz56v8n-docker-compose-2.32.2",
              "default": true
            }
          ],
          "store_path": "/nix/store/z1lx4rn2n1jfbp83jjl83qzfniz56v8n-docker-compose-2.32.2"
        },
        "aarch64-linux": {
          "outputs": [
            {
              "name": "out",
              "path": "/nix/store/cdjj4rf7gvldgv3yn9mj5wjxypf51p8g-docker-compose-2.32.2",
              "default": true
            }
          ],
          "store_path": "/nix/store/cdjj4rf7gvldgv3yn9mj5wjxypf51p8g-docker-compose-2.32.2"
        },
        "x86_64-darwin": {
          "outputs": [
            {
              "name": "out",
              "path": "/nix/store/72lapq24xp7kbm5likw4v86v4cy4s1s8-docker-compose-2.32.2",
              "default": true
            }
          ],
          "store_path": "/nix/store/72lapq24xp7kbm5likw4v86v4cy4s1s8-docker-compose-2.32.2"
        },
        "x86_64-linux": {
          "outputs": [
            {
              "name": "out",
              "path": "/nix/store/rxx7z7sjindad4qzhkzpv7x9lxd8b3hk-docker-compose-2.32.2",
              "default": true
            }
          ],
          "store_path": "/nix/store/rxx7z7sjindad4qzhkzpv7x9lxd8b3hk-docker-compose-2.32.2"
        }
      }
    },
    "docker@latest": {
      "last_modified": "2025-01-09T11:09:19Z",
      "resolved": "github:NixOS/nixpkgs/32af3611f6f05655ca166a0b1f47b57c762b5192#docker",
      "source": "devbox-search",
      "version": "27.4.1",
      "systems": {
        "aarch64-darwin": {
          "outputs": [
            {
              "name": "out",
              "path": "/nix/store/4j3f6xqn2wi3590fw54hj9pcwz58dcbd-docker-27.4.1",
              "default": true
            }
          ],
          "store_path": "/nix/store/4j3f6xqn2wi3590fw54hj9pcwz58dcbd-docker-27.4.1"
        },
        "aarch64-linux": {
          "outputs": [
            {
              "name": "out",
              "path": "/nix/store/jx6sk7ps4mjickj40z75d13qr8hrhpn2-docker-27.4.1",
              "default": true
            }
          ],
          "store_path": "/nix/store/jx6sk7ps4mjickj40z75d13qr8hrhpn2-docker-27.4.1"
        },
        "x86_64-darwin": {
          "outputs": [
            {
              "name": "out",
              "path": "/nix/store/rflmb941mrih44am3girmnadq04vqghv-docker-27.4.1",
              "default": true
            }
          ],
          "store_path": "/nix/store/rflmb941mrih44am3girmnadq04vqghv-docker-27.4.1"
        },
        "x86_64-linux": {
          "outputs": [
            {
              "name": "out",
              "path": "/nix/store/x4lbbzm4x5w0f55dhfdr62b18a4hzz8f-docker-27.4.1",
              "default": true
            }
          ],
          "store_path": "/nix/store/x4lbbzm4x5w0f55dhfdr62b18a4hzz8f-docker-27.4.1"
        }
      }
    },
    "nodejs@latest": {
      "last_modified": "2024-12-23T21:10:33Z",
      "plugin_version": "0.0.2",
      "resolved": "github:NixOS/nixpkgs/de1864217bfa9b5845f465e771e0ecb48b30e02d#nodejs_23",
      "source": "devbox-search",
      "version": "23.2.0",
      "systems": {
        "aarch64-darwin": {
          "outputs": [
            {
              "name": "out",
              "path": "/nix/store/h01fs5dy2aykhxfd2nvq2qzn5v88bmj2-nodejs-23.2.0",
              "default": true
            },
            {
              "name": "libv8",
              "path": "/nix/store/rpafhg74x82viy5d5ri5llikkd0nv0jy-nodejs-23.2.0-libv8"
            }
          ],
          "store_path": "/nix/store/h01fs5dy2aykhxfd2nvq2qzn5v88bmj2-nodejs-23.2.0"
        },
        "aarch64-linux": {
          "outputs": [
            {
              "name": "out",
              "path": "/nix/store/24jjyqsk2bf45a9vc6p24l55v058n0fb-nodejs-23.2.0",
              "default": true
            },
            {
              "name": "libv8",
              "path": "/nix/store/lifan3dprdmnkhs6fk537zhs92baqm9x-nodejs-23.2.0-libv8"
            }
          ],
          "store_path": "/nix/store/24jjyqsk2bf45a9vc6p24l55v058n0fb-nodejs-23.2.0"
        },
        "x86_64-darwin": {
          "outputs": [
            {
              "name": "out",
              "path": "/nix/store/5ckvci4i16whdx5n1vxj14as01kwp1iz-nodejs-23.2.0",
              "default": true
            },
            {
              "name": "libv8",
              "path": "/nix/store/13sfp639j9d69n1rjc0a9z3y7xxfwm23-nodejs-23.2.0-libv8"
            }
          ],
          "store_path": "/nix/store/5ckvci4i16whdx5n1vxj14as01kwp1iz-nodejs-23.2.0"
        },
        "x86_64-linux": {
          "outputs": [
            {
              "name": "out",
              "path": "/nix/store/cgkpjpl1hspg30dlmv4hhvlhbvik1bn1-nodejs-23.2.0",
              "default": true
            },
            {
              "name": "libv8",
              "path": "/nix/store/3mma5xpnfggra9as4l9ibvihx70qm7wc-nodejs-23.2.0-libv8"
            }
          ],
          "store_path": "/nix/store/cgkpjpl1hspg30dlmv4hhvlhbvik1bn1-nodejs-23.2.0"
        }
      }
    },
    "python@3.10": {
      "last_modified": "2024-12-08T11:15:23Z",
      "plugin_version": "0.0.4",
      "resolved": "github:NixOS/nixpkgs/93dc9803a1ee435e590b02cde9589038d5cc3a4e#python310",
      "source": "devbox-search",
      "version": "3.10.16",
      "systems": {
        "aarch64-darwin": {
          "outputs": [
            {
              "name": "out",
              "path": "/nix/store/63w3v071x6cpzpkf4yd6rvqf9y5rlv2m-python3-3.10.16",
              "default": true
            }
          ],
          "store_path": "/nix/store/63w3v071x6cpzpkf4yd6rvqf9y5rlv2m-python3-3.10.16"
        },
        "aarch64-linux": {
          "outputs": [
            {
              "name": "out",
              "path": "/nix/store/vl7i2cl681wyfl8s8v1z95f727bzr8kw-python3-3.10.16",
              "default": true
            },
            {
              "name": "debug",
              "path": "/nix/store/n0miz6wdklfsi4yin2xvi4xfv4r0zc2m-python3-3.10.16-debug"
            }
          ],
          "store_path": "/nix/store/vl7i2cl681wyfl8s8v1z95f727bzr8kw-python3-3.10.16"
        },
        "x86_64-darwin": {
          "outputs": [
            {
              "name": "out",
              "path": "/nix/store/05466vqmw92j4v5jd8fpqsnzwrpdansq-python3-3.10.16",
              "default": true
            }
          ],
          "store_path": "/nix/store/05466vqmw92j4v5jd8fpqsnzwrpdansq-python3-3.10.16"
        },
        "x86_64-linux": {
          "outputs": [
            {
              "name": "out",
              "path": "/nix/store/f5prw9mm064yp8g96fcals3mrsadysig-python3-3.10.16",
              "default": true
            },
            {
              "name": "debug",
              "path": "/nix/store/hfwmhm35lwrdnzifz2rbfavlxkg7sc6s-python3-3.10.16-debug"
            }
          ],
          "store_path": "/nix/store/f5prw9mm064yp8g96fcals3mrsadysig-python3-3.10.16"
        }
      }
    },
    "virt-what@latest": {
      "last_modified": "2024-12-23T21:10:33Z",
      "resolved": "github:NixOS/nixpkgs/de1864217bfa9b5845f465e771e0ecb48b30e02d#virt-what",
      "source": "devbox-search",
      "version": "1.27",
      "systems": {
        "aarch64-linux": {
          "outputs": [
            {
              "name": "out",
              "path": "/nix/store/6z83yc503fnpflsv11blm87fza4pfxax-virt-what-1.27",
              "default": true
            }
          ],
          "store_path": "/nix/store/6z83yc503fnpflsv11blm87fza4pfxax-virt-what-1.27"
        },
        "x86_64-linux": {
          "outputs": [
            {
              "name": "out",
              "path": "/nix/store/rf4ghylpzybs2rk258j489n4563l13cl-virt-what-1.27",
              "default": true
            }
          ],
          "store_path": "/nix/store/rf4ghylpzybs2rk258j489n4563l13cl-virt-what-1.27"
        }
      }
    }
  }
}
